PODS:
  - BTIKit (1.2)

DEPENDENCIES:
  - BTIKit (from `https://github.com/BriTerIdeas/BTIKit.git`)

EXTERNAL SOURCES:
  BTIKit:
    :git: https://github.com/BriTerIdeas/BTIKit.git

CHECKOUT OPTIONS:
  BTIKit:
    :commit: fceaa7cce39ecf86f55ce17f9dac27470bb1f9c5
    :git: https://github.com/BriTerIdeas/BTIKit.git

SPEC CHECKSUMS:
  BTIKit: 70d78ea011d806605392745b46d6648330176c1a

COCOAPODS: 0.35.0
